
Microsoft Visual Studio Solution File, Format Version 12.00
# Visual Studio 15
VisualStudioVersion = 15.0.27004.2009
MinimumVisualStudioVersion = 10.0.40219.1
Project("{8BC9CEB8-8B4A-11D0-8D11-00A0C91BC942}") = "DO AN", "DO AN\DO AN.vcxproj", "{8BC1A801-EE75-49CD-AC2A-AC8B75CD896E}"
EndProject
Global
	GlobalSection(SolutionConfigurationPlatforms) = preSolution
		Debug|x64 = Debug|x64
		Debug|x86 = Debug|x86
		Release|x64 = Release|x64
		Release|x86 = Release|x86
	EndGlobalSection
	GlobalSection(ProjectConfigurationPlatforms) = postSolution
		{8BC1A801-EE75-49CD-AC2A-AC8B75CD896E}.Debug|x64.ActiveCfg = Debug|x64
		{8BC1A801-EE75-49CD-AC2A-AC8B75CD896E}.Debug|x64.Build.0 = Debug|x64
		{8BC1A801-EE75-49CD-AC2A-AC8B75CD896E}.Debug|x86.ActiveCfg = Debug|Win32
		{8BC1A801-EE75-49CD-AC2A-AC8B75CD896E}.Debug|x86.Build.0 = Debug|Win32
		{8BC1A801-EE75-49CD-AC2A-AC8B75CD896E}.Release|x64.ActiveCfg = Release|x64
		{8BC1A801-EE75-49CD-AC2A-AC8B75CD896E}.Release|x64.Build.0 = Release|x64
		{8BC1A801-EE75-49CD-AC2A-AC8B75CD896E}.Release|x86.ActiveCfg = Release|Win32
		{8BC1A801-EE75-49CD-AC2A-AC8B75CD896E}.Release|x86.Build.0 = Release|Win32
	EndGlobalSection
	GlobalSection(SolutionProperties) = preSolution
		HideSolutionNode = FALSE
	EndGlobalSection
	GlobalSection(ExtensibilityGlobals) = postSolution
		SolutionGuid = {77728B8D-D93D-4D77-992C-2E358E03B10A}
	EndGlobalSection
EndGlobal
